
Microsoft Visual Studio Solution File, Format Version 12.00
# Visual Studio Version 17
VisualStudioVersion = 17.0.32112.339
MinimumVisualStudioVersion = 10.0.40219.1
Project("{9A19103F-16F7-4668-BE54-9A1E7A4F7556}") = "SearchImage", "SearchImage.csproj", "{AD6FDC6D-058A-4554-97ED-6C5FA3494CAD}"
EndProject
Project("{9A19103F-16F7-4668-BE54-9A1E7A4F7556}") = "Domain", "..\Domain\Domain.csproj", "{6F044529-79FA-4294-82F8-FF8A6B1B61AB}"
EndProject
Project("{9A19103F-16F7-4668-BE54-9A1E7A4F7556}") = "Application", "..\Application\Application.csproj", "{7FF71B34-B5CF-489D-AD4E-AB7C190DD8E6}"
EndProject
Project("{9A19103F-16F7-4668-BE54-9A1E7A4F7556}") = "Infrastructure", "..\Infrastructure\Infrastructure.csproj", "{CAB78C1C-7946-433F-8C6D-9AA478D99114}"
EndProject
Project("{9A19103F-16F7-4668-BE54-9A1E7A4F7556}") = "LogginLibrary", "..\LogginLibrary\LogginLibrary.csproj", "{4F43B4EF-2511-4923-93DA-A938AB6D0AE5}"
EndProject
Project("{FAE04EC0-301F-11D3-BF4B-00C04F79EFBC}") = "StorytellingWebApp", "..\StorytellingWebApp\StorytellingWebApp.csproj", "{4F3E3085-C7C3-49EC-BD13-80D62DD6049B}"
EndProject
Global
	GlobalSection(SolutionConfigurationPlatforms) = preSolution
		Debug|Any CPU = Debug|Any CPU
		Release|Any CPU = Release|Any CPU
	EndGlobalSection
	GlobalSection(ProjectConfigurationPlatforms) = postSolution
		{AD6FDC6D-058A-4554-97ED-6C5FA3494CAD}.Debug|Any CPU.ActiveCfg = Debug|Any CPU
		{AD6FDC6D-058A-4554-97ED-6C5FA3494CAD}.Debug|Any CPU.Build.0 = Debug|Any CPU
		{AD6FDC6D-058A-4554-97ED-6C5FA3494CAD}.Release|Any CPU.ActiveCfg = Release|Any CPU
		{AD6FDC6D-058A-4554-97ED-6C5FA3494CAD}.Release|Any CPU.Build.0 = Release|Any CPU
		{6F044529-79FA-4294-82F8-FF8A6B1B61AB}.Debug|Any CPU.ActiveCfg = Debug|Any CPU
		{6F044529-79FA-4294-82F8-FF8A6B1B61AB}.Debug|Any CPU.Build.0 = Debug|Any CPU
		{6F044529-79FA-4294-82F8-FF8A6B1B61AB}.Release|Any CPU.ActiveCfg = Release|Any CPU
		{6F044529-79FA-4294-82F8-FF8A6B1B61AB}.Release|Any CPU.Build.0 = Release|Any CPU
		{7FF71B34-B5CF-489D-AD4E-AB7C190DD8E6}.Debug|Any CPU.ActiveCfg = Debug|Any CPU
		{7FF71B34-B5CF-489D-AD4E-AB7C190DD8E6}.Debug|Any CPU.Build.0 = Debug|Any CPU
		{7FF71B34-B5CF-489D-AD4E-AB7C190DD8E6}.Release|Any CPU.ActiveCfg = Release|Any CPU
		{7FF71B34-B5CF-489D-AD4E-AB7C190DD8E6}.Release|Any CPU.Build.0 = Release|Any CPU
		{CAB78C1C-7946-433F-8C6D-9AA478D99114}.Debug|Any CPU.ActiveCfg = Debug|Any CPU
		{CAB78C1C-7946-433F-8C6D-9AA478D99114}.Debug|Any CPU.Build.0 = Debug|Any CPU
		{CAB78C1C-7946-433F-8C6D-9AA478D99114}.Release|Any CPU.ActiveCfg = Release|Any CPU
		{CAB78C1C-7946-433F-8C6D-9AA478D99114}.Release|Any CPU.Build.0 = Release|Any CPU
		{4F43B4EF-2511-4923-93DA-A938AB6D0AE5}.Debug|Any CPU.ActiveCfg = Debug|Any CPU
		{4F43B4EF-2511-4923-93DA-A938AB6D0AE5}.Debug|Any CPU.Build.0 = Debug|Any CPU
		{4F43B4EF-2511-4923-93DA-A938AB6D0AE5}.Release|Any CPU.ActiveCfg = Release|Any CPU
		{4F43B4EF-2511-4923-93DA-A938AB6D0AE5}.Release|Any CPU.Build.0 = Release|Any CPU
		{4F3E3085-C7C3-49EC-BD13-80D62DD6049B}.Debug|Any CPU.ActiveCfg = Debug|Any CPU
		{4F3E3085-C7C3-49EC-BD13-80D62DD6049B}.Debug|Any CPU.Build.0 = Debug|Any CPU
		{4F3E3085-C7C3-49EC-BD13-80D62DD6049B}.Release|Any CPU.ActiveCfg = Release|Any CPU
		{4F3E3085-C7C3-49EC-BD13-80D62DD6049B}.Release|Any CPU.Build.0 = Release|Any CPU
	EndGlobalSection
	GlobalSection(SolutionProperties) = preSolution
		HideSolutionNode = FALSE
	EndGlobalSection
	GlobalSection(ExtensibilityGlobals) = postSolution
		SolutionGuid = {65B0687F-E4C3-482A-A699-AD374A53928E}
	EndGlobalSection
EndGlobal
